
Microsoft Visual Studio Solution File, Format Version 12.00
# Visual Studio Version 17
VisualStudioVersion = 17.6.33717.318
MinimumVisualStudioVersion = 10.0.40219.1
Project("{FAE04EC0-301F-11D3-BF4B-00C04F79EFBC}") = "autoShutdown", "autoShutdown\autoShutdown.csproj", "{CBE91431-2EF8-4E6A-9D43-C934CC96C94B}"
EndProject
Global
	GlobalSection(SolutionConfigurationPlatforms) = preSolution
		Debug|Any CPU = Debug|Any CPU
		Release|Any CPU = Release|Any CPU
	EndGlobalSection
	GlobalSection(ProjectConfigurationPlatforms) = postSolution
		{CBE91431-2EF8-4E6A-9D43-C934CC96C94B}.Debug|Any CPU.ActiveCfg = Debug|Any CPU
		{CBE91431-2EF8-4E6A-9D43-C934CC96C94B}.Debug|Any CPU.Build.0 = Debug|Any CPU
		{CBE91431-2EF8-4E6A-9D43-C934CC96C94B}.Release|Any CPU.ActiveCfg = Release|Any CPU
		{CBE91431-2EF8-4E6A-9D43-C934CC96C94B}.Release|Any CPU.Build.0 = Release|Any CPU
	EndGlobalSection
	GlobalSection(SolutionProperties) = preSolution
		HideSolutionNode = FALSE
	EndGlobalSection
	GlobalSection(ExtensibilityGlobals) = postSolution
		SolutionGuid = {32F32EA7-1E1B-4D52-B4EB-67142200FAD6}
	EndGlobalSection
EndGlobal
